
Microsoft Visual Studio Solution File, Format Version 12.00
# Visual Studio Version 17
VisualStudioVersion = 17.9.34607.119
MinimumVisualStudioVersion = 10.0.40219.1
Project("{9A19103F-16F7-4668-BE54-9A1E7A4F7556}") = "SRP-Single-Responsibility-Principle", "SRP-Single-Responsibility-Principle\SRP-Single-Responsibility-Principle.csproj", "{D8A39136-DEEE-4D56-8398-B17288193760}"
EndProject
Project("{9A19103F-16F7-4668-BE54-9A1E7A4F7556}") = "OCP-Open-Closed-Priciple", "OCP-Open-Closed-Priciple\OCP-Open-Closed-Priciple.csproj", "{1C17575A-57CC-4295-8158-3C78EDA187D5}"
EndProject
Project("{9A19103F-16F7-4668-BE54-9A1E7A4F7556}") = "LSP-Liskov-Substitution-Principle", "LSP-Liskov-Substitution-Principle\LSP-Liskov-Substitution-Principle.csproj", "{E729F6CC-8A9D-4695-8CBE-1DFAB34DA2F7}"
EndProject
Project("{FAE04EC0-301F-11D3-BF4B-00C04F79EFBC}") = "ISP-Interface-Segregation-Principle", "ISP-Interface-Segregation-Principle\ISP-Interface-Segregation-Principle.csproj", "{673B3F92-91D5-4925-B9D6-9ACF7451B046}"
EndProject
Global
	GlobalSection(SolutionConfigurationPlatforms) = preSolution
		Debug|Any CPU = Debug|Any CPU
		Release|Any CPU = Release|Any CPU
	EndGlobalSection
	GlobalSection(ProjectConfigurationPlatforms) = postSolution
		{D8A39136-DEEE-4D56-8398-B17288193760}.Debug|Any CPU.ActiveCfg = Debug|Any CPU
		{D8A39136-DEEE-4D56-8398-B17288193760}.Debug|Any CPU.Build.0 = Debug|Any CPU
		{D8A39136-DEEE-4D56-8398-B17288193760}.Release|Any CPU.ActiveCfg = Release|Any CPU
		{D8A39136-DEEE-4D56-8398-B17288193760}.Release|Any CPU.Build.0 = Release|Any CPU
		{1C17575A-57CC-4295-8158-3C78EDA187D5}.Debug|Any CPU.ActiveCfg = Debug|Any CPU
		{1C17575A-57CC-4295-8158-3C78EDA187D5}.Debug|Any CPU.Build.0 = Debug|Any CPU
		{1C17575A-57CC-4295-8158-3C78EDA187D5}.Release|Any CPU.ActiveCfg = Release|Any CPU
		{1C17575A-57CC-4295-8158-3C78EDA187D5}.Release|Any CPU.Build.0 = Release|Any CPU
		{E729F6CC-8A9D-4695-8CBE-1DFAB34DA2F7}.Debug|Any CPU.ActiveCfg = Debug|Any CPU
		{E729F6CC-8A9D-4695-8CBE-1DFAB34DA2F7}.Debug|Any CPU.Build.0 = Debug|Any CPU
		{E729F6CC-8A9D-4695-8CBE-1DFAB34DA2F7}.Release|Any CPU.ActiveCfg = Release|Any CPU
		{E729F6CC-8A9D-4695-8CBE-1DFAB34DA2F7}.Release|Any CPU.Build.0 = Release|Any CPU
		{673B3F92-91D5-4925-B9D6-9ACF7451B046}.Debug|Any CPU.ActiveCfg = Debug|Any CPU
		{673B3F92-91D5-4925-B9D6-9ACF7451B046}.Debug|Any CPU.Build.0 = Debug|Any CPU
		{673B3F92-91D5-4925-B9D6-9ACF7451B046}.Release|Any CPU.ActiveCfg = Release|Any CPU
		{673B3F92-91D5-4925-B9D6-9ACF7451B046}.Release|Any CPU.Build.0 = Release|Any CPU
	EndGlobalSection
	GlobalSection(SolutionProperties) = preSolution
		HideSolutionNode = FALSE
	EndGlobalSection
	GlobalSection(ExtensibilityGlobals) = postSolution
		SolutionGuid = {B06AC93A-7B32-4111-8AE1-E233797D1F1C}
	EndGlobalSection
EndGlobal
